
Microsoft Visual Studio Solution File, Format Version 12.00
# Visual Studio Version 16
VisualStudioVersion = 16.0.29613.14
MinimumVisualStudioVersion = 10.0.40219.1
Project("{FAE04EC0-301F-11D3-BF4B-00C04F79EFBC}") = "WebApplication1", "WebApplication1\WebApplication1.csproj", "{CC50429E-77E3-4C00-BA27-F3367B7FF12C}"
EndProject
Global
	GlobalSection(SolutionConfigurationPlatforms) = preSolution
		Debug|Any CPU = Debug|Any CPU
		Release|Any CPU = Release|Any CPU
	EndGlobalSection
	GlobalSection(ProjectConfigurationPlatforms) = postSolution
		{CC50429E-77E3-4C00-BA27-F3367B7FF12C}.Debug|Any CPU.ActiveCfg = Debug|Any CPU
		{CC50429E-77E3-4C00-BA27-F3367B7FF12C}.Debug|Any CPU.Build.0 = Debug|Any CPU
		{CC50429E-77E3-4C00-BA27-F3367B7FF12C}.Release|Any CPU.ActiveCfg = Release|Any CPU
		{CC50429E-77E3-4C00-BA27-F3367B7FF12C}.Release|Any CPU.Build.0 = Release|Any CPU
	EndGlobalSection
	GlobalSection(SolutionProperties) = preSolution
		HideSolutionNode = FALSE
	EndGlobalSection
	GlobalSection(ExtensibilityGlobals) = postSolution
		SolutionGuid = {C9F8529F-FA1D-4A6E-9345-A4FD038B1B13}
	EndGlobalSection
EndGlobal
